{
  "lockfileVersion": 1,
  "workspaces": {
    "": {
      "name": "shirosaki-napcatsdk",
      "dependencies": {
        "@ceale/util": "^1.16.0",
        "ws": "^8.18.3",
      },
      "devDependencies": {
        "@types/node": "^22.19.0",
        "@types/ws": "^8.18.1",
        "typescript": "^5.9.3",
      },
    },
  },
  "packages": {
    "@ceale/util": ["@ceale/util@1.16.0", "", { "dependencies": { "csstype": "^3.1.3" } }, "sha512-KhA9PYKjJV44se7EOZMr26JTmExAinRN/3Ik5H71wZa9ffcX7D8zIBVhZ9W/EPAqti1DgrfzrJUJK0bmOh+TyA=="],

    "@types/node": ["@types/node@22.19.0", "", { "dependencies": { "undici-types": "~6.21.0" } }, "sha512-xpr/lmLPQEj+TUnHmR+Ab91/glhJvsqcjB+yY0Ix9GO70H6Lb4FHH5GeqdOE5btAx7eIMwuHkp4H2MSkLcqWbA=="],

    "@types/ws": ["@types/ws@8.18.1", "", { "dependencies": { "@types/node": "*" } }, "sha512-ThVF6DCVhA8kUGy+aazFQ4kXQ7E1Ty7A3ypFOe0IcJV8O/M511G99AW24irKrW56Wt44yG9+ij8FaqoBGkuBXg=="],

    "csstype": ["csstype@3.1.3", "", {}, "sha512-M1uQkMl8rQK/szD0LNhtqxIPLpimGm8sOBwU7lLnCpSbTyY3yeU1Vc7l4KT5zT4s/yOxHH5O7tIuuLOCnLADRw=="],

    "typescript": ["typescript@5.9.3", "", { "bin": { "tsc": "bin/tsc", "tsserver": "bin/tsserver" } }, "sha512-jl1vZzPDinLr9eUt3J/t7V6FgNEw9QjvBPdysz9KfQDD41fQrC2Y4vKQdiaUpFT4bXlb1RHhLpp8wtm6M5TgSw=="],

    "undici-types": ["undici-types@6.21.0", "", {}, "sha512-iwDZqg0QAGrg9Rav5H4n0M64c3mkR59cJ6wQp+7C4nI0gsmExaedaYLNO44eT4AtBBwjbTiGPMlt2Md0T9H9JQ=="],

    "ws": ["ws@8.18.3", "", { "peerDependencies": { "bufferutil": "^4.0.1", "utf-8-validate": ">=5.0.2" }, "optionalPeers": ["bufferutil", "utf-8-validate"] }, "sha512-PEIGCY5tSlUt50cqyMXfCzX+oOPqN0vuGqWzbcJ2xvnkzkq46oOpz7dQaTDBdfICb4N14+GARUDw2XV2N4tvzg=="],
  }
}
